
Microsoft Visual Studio Solution File, Format Version 12.00
# Visual Studio Version 17
VisualStudioVersion = 17.10.35013.160
MinimumVisualStudioVersion = 10.0.40219.1
Project("{9A19103F-16F7-4668-BE54-9A1E7A4F7556}") = "HotelManager.Api", "HotelManager.Api\HotelManager.Api.csproj", "{59F2CA10-7041-48E5-BDD7-A41DFBB2EDAF}"
EndProject
Project("{9A19103F-16F7-4668-BE54-9A1E7A4F7556}") = "HotelManager.Core", "HotelManager.Core\HotelManager.Core.csproj", "{C1289577-3D9F-4500-97E4-5D34A0F69C71}"
EndProject
Project("{9A19103F-16F7-4668-BE54-9A1E7A4F7556}") = "HotelManager.Data", "HotelManager.Data\HotelManager.Data.csproj", "{01C55E51-5088-4D74-A3C6-837A5BE503C9}"
EndProject
Project("{9A19103F-16F7-4668-BE54-9A1E7A4F7556}") = "HotelManager.Domain", "HotelManager.Domain\HotelManager.Domain.csproj", "{387B9603-DADA-45DC-B28F-4DFFD57039BF}"
EndProject
Global
	GlobalSection(SolutionConfigurationPlatforms) = preSolution
		Debug|Any CPU = Debug|Any CPU
		Release|Any CPU = Release|Any CPU
	EndGlobalSection
	GlobalSection(ProjectConfigurationPlatforms) = postSolution
		{59F2CA10-7041-48E5-BDD7-A41DFBB2EDAF}.Debug|Any CPU.ActiveCfg = Debug|Any CPU
		{59F2CA10-7041-48E5-BDD7-A41DFBB2EDAF}.Debug|Any CPU.Build.0 = Debug|Any CPU
		{59F2CA10-7041-48E5-BDD7-A41DFBB2EDAF}.Release|Any CPU.ActiveCfg = Release|Any CPU
		{59F2CA10-7041-48E5-BDD7-A41DFBB2EDAF}.Release|Any CPU.Build.0 = Release|Any CPU
		{C1289577-3D9F-4500-97E4-5D34A0F69C71}.Debug|Any CPU.ActiveCfg = Debug|Any CPU
		{C1289577-3D9F-4500-97E4-5D34A0F69C71}.Debug|Any CPU.Build.0 = Debug|Any CPU
		{C1289577-3D9F-4500-97E4-5D34A0F69C71}.Release|Any CPU.ActiveCfg = Release|Any CPU
		{C1289577-3D9F-4500-97E4-5D34A0F69C71}.Release|Any CPU.Build.0 = Release|Any CPU
		{01C55E51-5088-4D74-A3C6-837A5BE503C9}.Debug|Any CPU.ActiveCfg = Debug|Any CPU
		{01C55E51-5088-4D74-A3C6-837A5BE503C9}.Debug|Any CPU.Build.0 = Debug|Any CPU
		{01C55E51-5088-4D74-A3C6-837A5BE503C9}.Release|Any CPU.ActiveCfg = Release|Any CPU
		{01C55E51-5088-4D74-A3C6-837A5BE503C9}.Release|Any CPU.Build.0 = Release|Any CPU
		{387B9603-DADA-45DC-B28F-4DFFD57039BF}.Debug|Any CPU.ActiveCfg = Debug|Any CPU
		{387B9603-DADA-45DC-B28F-4DFFD57039BF}.Debug|Any CPU.Build.0 = Debug|Any CPU
		{387B9603-DADA-45DC-B28F-4DFFD57039BF}.Release|Any CPU.ActiveCfg = Release|Any CPU
		{387B9603-DADA-45DC-B28F-4DFFD57039BF}.Release|Any CPU.Build.0 = Release|Any CPU
	EndGlobalSection
	GlobalSection(SolutionProperties) = preSolution
		HideSolutionNode = FALSE
	EndGlobalSection
	GlobalSection(ExtensibilityGlobals) = postSolution
		SolutionGuid = {6DB4580E-0A29-479A-98D1-F5B617E9C635}
	EndGlobalSection
EndGlobal
